lockfileVersion: '9.0'

settings:
  autoInstallPeers: true
  excludeLinksFromLockfile: false

importers:

  .:
    dependencies:
      '@tauri-apps/cli':
        specifier: ^1.5.6
        version: 1.5.14

packages:

  '@tauri-apps/cli-darwin-arm64@1.5.14':
    resolution: {integrity: sha512-lxoSOp3KKSqzHJa7iT32dukPGMlfsTuja1xXSgwR8o/fqzpYJY7FY/3ZxesP8HR66FcK+vtqa//HNqeOQ0mHkA==}
    engines: {node: '>= 10'}
    cpu: [arm64]
    os: [darwin]

  '@tauri-apps/cli-darwin-x64@1.5.14':
    resolution: {integrity: sha512-EXSwN1n5spfG8FoXuyc90ACtmDJXzaZ1gxyENaq9xEpQoo7j/Q1vb6qXxmr6azKr8zmqY4h08ZFbv3exh93xJg==}
    engines: {node: '>= 10'}
    cpu: [x64]
    os: [darwin]

  '@tauri-apps/cli-linux-arm-gnueabihf@1.5.14':
    resolution: {integrity: sha512-Yb8BH/KYR7Tl+de40sZPfrqbhcU3Jlu+UPIrnXt05sjn48xqIps74Xjz8zzVp0TuHxUp8FmIGtCVhQgsbrsvvg==}
    engines: {node: '>= 10'}
    cpu: [arm]
    os: [linux]

  '@tauri-apps/cli-linux-arm64-gnu@1.5.14':
    resolution: {integrity: sha512-QrKHP4gRaHiup478rPBZ+BmNd88yze9jMmheoNy9mN1K/aECRmTHO+tWhsxv5moFHZzRhO0QDWxxvTtiaPXaGg==}
    engines: {node: '>= 10'}
    cpu: [arm64]
    os: [linux]

  '@tauri-apps/cli-linux-arm64-musl@1.5.14':
    resolution: {integrity: sha512-Hb1C1VMxmUcyGjW/K/INKF87zzzgLEVRmWZZnQd7M1P4uue4xPyIwUELSdX12Z2jREPgmLW4AXPD0m6wsNu7iw==}
    engines: {node: '>= 10'}
    cpu: [arm64]
    os: [linux]

  '@tauri-apps/cli-linux-x64-gnu@1.5.14':
    resolution: {integrity: sha512-kD9v/UwPDuhIgq2TJj/s2/7rqk+vmExVV6xHPKI8vVbIvlNAOZqmx3fpxjej1241vhJ/piGd/m6q6YMWGsL0oQ==}
    engines: {node: '>= 10'}
    cpu: [x64]
    os: [linux]

  '@tauri-apps/cli-linux-x64-musl@1.5.14':
    resolution: {integrity: sha512-204Drgg9Zx0+THKndqASz4+iPCwqA3gQVF9C0CDIArNXrjPyJjVvW8VP5CHiZYaTNWxlz/ltyxluM6UFWbXNFw==}
    engines: {node: '>= 10'}
    cpu: [x64]
    os: [linux]

  '@tauri-apps/cli-win32-arm64-msvc@1.5.14':
    resolution: {integrity: sha512-sqPSni2MnWNCm+8YZnLdWCclxfSHaYqKuPFSz8q7Tn1G1m/cA9gyPoC1G0esHftY7bu/ZM5lB4kM3I4U0KlLiA==}
    engines: {node: '>= 10'}
    cpu: [arm64]
    os: [win32]

  '@tauri-apps/cli-win32-ia32-msvc@1.5.14':
    resolution: {integrity: sha512-8xN8W0zTs8oFsQmvYLxHFeqhzVI7oTaPK1xQMc5gbpFP45jN41c21aCXfjnvzT+h90EfCHUF9EWj2HTEJSb7Iw==}
    engines: {node: '>= 10'}
    cpu: [ia32]
    os: [win32]

  '@tauri-apps/cli-win32-x64-msvc@1.5.14':
    resolution: {integrity: sha512-U0slee5tNM2PYECBpPHavLSwkT3szGMZ+qhcikQQbDan84bQdLn/kHWjyXOgLJs4KSve4+KxcrN+AVqj0VyHnw==}
    engines: {node: '>= 10'}
    cpu: [x64]
    os: [win32]

  '@tauri-apps/cli@1.5.14':
    resolution: {integrity: sha512-JOSMKymlg116UdEXSj69eg5p1OtZnQkUE0qIGbtNDO1sk3X/KgBN6+oHBW0BzPStp/W0AjBgrMWCqjHPwEpOug==}
    engines: {node: '>= 10'}
    hasBin: true

snapshots:

  '@tauri-apps/cli-darwin-arm64@1.5.14':
    optional: true

  '@tauri-apps/cli-darwin-x64@1.5.14':
    optional: true

  '@tauri-apps/cli-linux-arm-gnueabihf@1.5.14':
    optional: true

  '@tauri-apps/cli-linux-arm64-gnu@1.5.14':
    optional: true

  '@tauri-apps/cli-linux-arm64-musl@1.5.14':
    optional: true

  '@tauri-apps/cli-linux-x64-gnu@1.5.14':
    optional: true

  '@tauri-apps/cli-linux-x64-musl@1.5.14':
    optional: true

  '@tauri-apps/cli-win32-arm64-msvc@1.5.14':
    optional: true

  '@tauri-apps/cli-win32-ia32-msvc@1.5.14':
    optional: true

  '@tauri-apps/cli-win32-x64-msvc@1.5.14':
    optional: true

  '@tauri-apps/cli@1.5.14':
    optionalDependencies:
      '@tauri-apps/cli-darwin-arm64': 1.5.14
      '@tauri-apps/cli-darwin-x64': 1.5.14
      '@tauri-apps/cli-linux-arm-gnueabihf': 1.5.14
      '@tauri-apps/cli-linux-arm64-gnu': 1.5.14
      '@tauri-apps/cli-linux-arm64-musl': 1.5.14
      '@tauri-apps/cli-linux-x64-gnu': 1.5.14
      '@tauri-apps/cli-linux-x64-musl': 1.5.14
      '@tauri-apps/cli-win32-arm64-msvc': 1.5.14
      '@tauri-apps/cli-win32-ia32-msvc': 1.5.14
      '@tauri-apps/cli-win32-x64-msvc': 1.5.14
