lockfileVersion: '9.0'

settings:
  autoInstallPeers: true
  excludeLinksFromLockfile: false

importers:

  .:
    dependencies:
      '@tauri-apps/cli':
        specifier: ^1.5.6
        version: 1.6.0

packages:

  '@tauri-apps/cli-darwin-arm64@1.6.0':
    resolution: {integrity: sha512-SNRwUD9nqGxY47mbY1CGTt/jqyQOU7Ps7Mx/mpgahL0FVUDiCEY/5L9QfEPPhEgccgcelEVn7i6aQHIkHyUtCA==}
    engines: {node: '>= 10'}
    cpu: [arm64]
    os: [darwin]

  '@tauri-apps/cli-darwin-x64@1.6.0':
    resolution: {integrity: sha512-g2/uDR/eeH2arvuawA4WwaEOqv/7jDO/ZLNI3JlBjP5Pk8GGb3Kdy0ro1xQzF94mtk2mOnOXa4dMgAet4sUJ1A==}
    engines: {node: '>= 10'}
    cpu: [x64]
    os: [darwin]

  '@tauri-apps/cli-linux-arm-gnueabihf@1.6.0':
    resolution: {integrity: sha512-EVwf4oRkQyG8BpSrk0gqO7oA0sDM2MdNDtJpMfleYFEgCxLIOGZKNqaOW3M7U+0Y4qikmG3TtRK+ngc8Ymtrjg==}
    engines: {node: '>= 10'}
    cpu: [arm]
    os: [linux]

  '@tauri-apps/cli-linux-arm64-gnu@1.6.0':
    resolution: {integrity: sha512-YdpY17cAySrhK9dX4BUVEmhAxE2o+6skIEFg8iN/xrDwRxhaNPI9I80YXPatUTX54Kx55T5++25VJG9+3iw83A==}
    engines: {node: '>= 10'}
    cpu: [arm64]
    os: [linux]

  '@tauri-apps/cli-linux-arm64-musl@1.6.0':
    resolution: {integrity: sha512-4U628tuf2U8pMr4tIBJhEkrFwt+46dwhXrDlpdyWSZtnop5RJAVKHODm0KbWns4xGKfTW1F3r6sSv+2ZxLcISA==}
    engines: {node: '>= 10'}
    cpu: [arm64]
    os: [linux]

  '@tauri-apps/cli-linux-x64-gnu@1.6.0':
    resolution: {integrity: sha512-AKRzp76fVUaJyXj5KRJT9bJyhwZyUnRQU0RqIRqOtZCT5yr6qGP8rjtQ7YhCIzWrseBlOllc3Qvbgw3Yl0VQcA==}
    engines: {node: '>= 10'}
    cpu: [x64]
    os: [linux]

  '@tauri-apps/cli-linux-x64-musl@1.6.0':
    resolution: {integrity: sha512-0edIdq6aMBTaRMIXddHfyAFL361JqulLLd2Wi2aoOie7DkQ2MYh6gv3hA7NB9gqFwNIGE+xtJ4BkXIP2tSGPlg==}
    engines: {node: '>= 10'}
    cpu: [x64]
    os: [linux]

  '@tauri-apps/cli-win32-arm64-msvc@1.6.0':
    resolution: {integrity: sha512-QwWpWk4ubcwJ1rljsRAmINgB2AwkyzZhpYbalA+MmzyYMREcdXWGkyixWbRZgqc6fEWEBmq5UG73qz5eBJiIKg==}
    engines: {node: '>= 10'}
    cpu: [arm64]
    os: [win32]

  '@tauri-apps/cli-win32-ia32-msvc@1.6.0':
    resolution: {integrity: sha512-Vtw0yxO9+aEFuhuxQ57ALG43tjECopRimRuKGbtZYDCriB/ty5TrT3QWMdy0dxBkpDTu3Rqsz30sbDzw6tlP3Q==}
    engines: {node: '>= 10'}
    cpu: [ia32]
    os: [win32]

  '@tauri-apps/cli-win32-x64-msvc@1.6.0':
    resolution: {integrity: sha512-h54FHOvGi7+LIfRchzgZYSCHB1HDlP599vWXQQJ/XnwJY+6Rwr2E5bOe/EhqoG8rbGkfK0xX3KPAvXPbUlmggg==}
    engines: {node: '>= 10'}
    cpu: [x64]
    os: [win32]

  '@tauri-apps/cli@1.6.0':
    resolution: {integrity: sha512-DBBpBl6GhTzm8ImMbKkfaZ4fDTykWrC7Q5OXP4XqD91recmDEn2LExuvuiiS3HYe7uP8Eb5B9NPHhqJb+Zo7qQ==}
    engines: {node: '>= 10'}
    hasBin: true

snapshots:

  '@tauri-apps/cli-darwin-arm64@1.6.0':
    optional: true

  '@tauri-apps/cli-darwin-x64@1.6.0':
    optional: true

  '@tauri-apps/cli-linux-arm-gnueabihf@1.6.0':
    optional: true

  '@tauri-apps/cli-linux-arm64-gnu@1.6.0':
    optional: true

  '@tauri-apps/cli-linux-arm64-musl@1.6.0':
    optional: true

  '@tauri-apps/cli-linux-x64-gnu@1.6.0':
    optional: true

  '@tauri-apps/cli-linux-x64-musl@1.6.0':
    optional: true

  '@tauri-apps/cli-win32-arm64-msvc@1.6.0':
    optional: true

  '@tauri-apps/cli-win32-ia32-msvc@1.6.0':
    optional: true

  '@tauri-apps/cli-win32-x64-msvc@1.6.0':
    optional: true

  '@tauri-apps/cli@1.6.0':
    optionalDependencies:
      '@tauri-apps/cli-darwin-arm64': 1.6.0
      '@tauri-apps/cli-darwin-x64': 1.6.0
      '@tauri-apps/cli-linux-arm-gnueabihf': 1.6.0
      '@tauri-apps/cli-linux-arm64-gnu': 1.6.0
      '@tauri-apps/cli-linux-arm64-musl': 1.6.0
      '@tauri-apps/cli-linux-x64-gnu': 1.6.0
      '@tauri-apps/cli-linux-x64-musl': 1.6.0
      '@tauri-apps/cli-win32-arm64-msvc': 1.6.0
      '@tauri-apps/cli-win32-ia32-msvc': 1.6.0
      '@tauri-apps/cli-win32-x64-msvc': 1.6.0
