lockfileVersion: '9.0'

settings:
  autoInstallPeers: true
  excludeLinksFromLockfile: false

importers:

  .:
    devDependencies:
      '@tauri-apps/cli':
        specifier: ^2.9.4
        version: 2.9.4

packages:

  '@tauri-apps/cli-darwin-arm64@2.9.4':
    resolution: {integrity: sha512-9rHkMVtbMhe0AliVbrGpzMahOBg3rwV46JYRELxR9SN6iu1dvPOaMaiC4cP6M/aD1424ziXnnMdYU06RAH8oIw==}
    engines: {node: '>= 10'}
    cpu: [arm64]
    os: [darwin]

  '@tauri-apps/cli-darwin-x64@2.9.4':
    resolution: {integrity: sha512-VT9ymNuT06f5TLjCZW2hfSxbVtZDhORk7CDUDYiq5TiSYQdxkl8MVBy0CCFFcOk4QAkUmqmVUA9r3YZ/N/vPRQ==}
    engines: {node: '>= 10'}
    cpu: [x64]
    os: [darwin]

  '@tauri-apps/cli-linux-arm-gnueabihf@2.9.4':
    resolution: {integrity: sha512-tTWkEPig+2z3Rk0zqZYfjUYcgD+aSm72wdrIhdYobxbQZOBw0zfn50YtWv+av7bm0SHvv75f0l7JuwgZM1HFow==}
    engines: {node: '>= 10'}
    cpu: [arm]
    os: [linux]

  '@tauri-apps/cli-linux-arm64-gnu@2.9.4':
    resolution: {integrity: sha512-ql6vJ611qoqRYHxkKPnb2vHa27U+YRKRmIpLMMBeZnfFtZ938eao7402AQCH1mO2+/8ioUhbpy9R/ZcLTXVmkg==}
    engines: {node: '>= 10'}
    cpu: [arm64]
    os: [linux]

  '@tauri-apps/cli-linux-arm64-musl@2.9.4':
    resolution: {integrity: sha512-vg7yNn7ICTi6hRrcA/6ff2UpZQP7un3xe3SEld5QM0prgridbKAiXGaCKr3BnUBx/rGXegQlD/wiLcWdiiraSw==}
    engines: {node: '>= 10'}
    cpu: [arm64]
    os: [linux]

  '@tauri-apps/cli-linux-riscv64-gnu@2.9.4':
    resolution: {integrity: sha512-l8L+3VxNk6yv5T/Z/gv5ysngmIpsai40B9p6NQQyqYqxImqYX37pqREoEBl1YwG7szGnDibpWhidPrWKR59OJA==}
    engines: {node: '>= 10'}
    cpu: [riscv64]
    os: [linux]

  '@tauri-apps/cli-linux-x64-gnu@2.9.4':
    resolution: {integrity: sha512-PepPhCXc/xVvE3foykNho46OmCyx47E/aG676vKTVp+mqin5d+IBqDL6wDKiGNT5OTTxKEyNlCQ81Xs2BQhhqA==}
    engines: {node: '>= 10'}
    cpu: [x64]
    os: [linux]

  '@tauri-apps/cli-linux-x64-musl@2.9.4':
    resolution: {integrity: sha512-zcd1QVffh5tZs1u1SCKUV/V7RRynebgYUNWHuV0FsIF1MjnULUChEXhAhug7usCDq4GZReMJOoXa6rukEozWIw==}
    engines: {node: '>= 10'}
    cpu: [x64]
    os: [linux]

  '@tauri-apps/cli-win32-arm64-msvc@2.9.4':
    resolution: {integrity: sha512-/7ZhnP6PY04bEob23q8MH/EoDISdmR1wuNm0k9d5HV7TDMd2GGCDa8dPXA4vJuglJKXIfXqxFmZ4L+J+MO42+w==}
    engines: {node: '>= 10'}
    cpu: [arm64]
    os: [win32]

  '@tauri-apps/cli-win32-ia32-msvc@2.9.4':
    resolution: {integrity: sha512-1LmAfaC4Cq+3O1Ir1ksdhczhdtFSTIV51tbAGtbV/mr348O+M52A/xwCCXQank0OcdBxy5BctqkMtuZnQvA8uQ==}
    engines: {node: '>= 10'}
    cpu: [ia32]
    os: [win32]

  '@tauri-apps/cli-win32-x64-msvc@2.9.4':
    resolution: {integrity: sha512-EdYd4c9wGvtPB95kqtEyY+bUR+k4kRw3IA30mAQ1jPH6z57AftT8q84qwv0RDp6kkEqOBKxeInKfqi4BESYuqg==}
    engines: {node: '>= 10'}
    cpu: [x64]
    os: [win32]

  '@tauri-apps/cli@2.9.4':
    resolution: {integrity: sha512-pvylWC9QckrOS9ATWXIXcgu7g2hKK5xTL5ZQyZU/U0n9l88SEFGcWgLQNa8WZmd+wWIOWhkxOFcOl3i6ubDNNw==}
    engines: {node: '>= 10'}
    hasBin: true

snapshots:

  '@tauri-apps/cli-darwin-arm64@2.9.4':
    optional: true

  '@tauri-apps/cli-darwin-x64@2.9.4':
    optional: true

  '@tauri-apps/cli-linux-arm-gnueabihf@2.9.4':
    optional: true

  '@tauri-apps/cli-linux-arm64-gnu@2.9.4':
    optional: true

  '@tauri-apps/cli-linux-arm64-musl@2.9.4':
    optional: true

  '@tauri-apps/cli-linux-riscv64-gnu@2.9.4':
    optional: true

  '@tauri-apps/cli-linux-x64-gnu@2.9.4':
    optional: true

  '@tauri-apps/cli-linux-x64-musl@2.9.4':
    optional: true

  '@tauri-apps/cli-win32-arm64-msvc@2.9.4':
    optional: true

  '@tauri-apps/cli-win32-ia32-msvc@2.9.4':
    optional: true

  '@tauri-apps/cli-win32-x64-msvc@2.9.4':
    optional: true

  '@tauri-apps/cli@2.9.4':
    optionalDependencies:
      '@tauri-apps/cli-darwin-arm64': 2.9.4
      '@tauri-apps/cli-darwin-x64': 2.9.4
      '@tauri-apps/cli-linux-arm-gnueabihf': 2.9.4
      '@tauri-apps/cli-linux-arm64-gnu': 2.9.4
      '@tauri-apps/cli-linux-arm64-musl': 2.9.4
      '@tauri-apps/cli-linux-riscv64-gnu': 2.9.4
      '@tauri-apps/cli-linux-x64-gnu': 2.9.4
      '@tauri-apps/cli-linux-x64-musl': 2.9.4
      '@tauri-apps/cli-win32-arm64-msvc': 2.9.4
      '@tauri-apps/cli-win32-ia32-msvc': 2.9.4
      '@tauri-apps/cli-win32-x64-msvc': 2.9.4
